[{<<"bear">>,
  {git,"git://github.com/boundary/bear.git",
       {ref,"119234548783af19b8ec75c879c5062676b92571"}},
  3},
 {<<"capwap">>,
  {git,"git://github.com/travelping/capwap",
       {ref,"97ec27323b9106e885fc5a44dd0b28e3872be834"}},
  0},
 {<<"coveralls">>,
  {git,"git://github.com/markusn/coveralls-erl.git",
       {ref,"1f8f8f4a16de335b33fd7549e1ed1a5e83e46f6c"}},
  3},
 {<<"dtlsex">>,
  {git,"git://github.com/RoadRunnr/dtlsex.git",
       {ref,"83a8c804ef091787bfd5203927d2288fdba271c0"}},
  1},
 {<<"edown">>,
  {git,"git://github.com/uwiger/edown.git",
       {ref,"b7c8eb0ac1859f8fce11cbfe3526f5ec83194776"}},
  3},
 {<<"eradius">>,
  {git,"https://github.com/travelping/eradius.git",
       {ref,"a1f0f2caf48ec98cce237727c7cd01bed9eb0dfb"}},
  2},
 {<<"ergw_aaa">>,
  {git,"git://github.com/travelping/ergw_aaa.git",
       {ref,"22359a1992d265c4103a78a3155c6288f0b46382"}},
  1},
 {<<"erlando">>,
  {git,"https://github.com/travelping/erlando.git",
       {ref,"8d1aa927c51b7ac351b90abcdaed7d2f527eb937"}},
  1},
 {<<"exometer_core">>,
  {git,"https://github.com/Feuerlabs/exometer_core.git",
       {ref,"9206b28d045b395abd1b86cc794223ec9aeeb0ea"}},
  1},
 {<<"flower">>,
  {git,"git://github.com/travelping/flower.git",
       {ref,"549015e8ef6e26d6b4bd10c5e527894e55218168"}},
  1},
 {<<"folsom">>,
  {git,"git://github.com/folsom-project/folsom",
       {ref,"38e2cce7c64ce1f0a3a918d90394cfc0a940b1ba"}},
  2},
 {<<"gen_listener_tcp">>,
  {git,"git://github.com/travelping/gen_listener_tcp",
       {ref,"3690477d108c7521f84a9af625ba73e525b989d6"}},
  0},
 {<<"gen_socket">>,
  {git,"git://github.com/travelping/gen_socket.git",
       {ref,"88902b99d8bf8a135b96b3720cfd21ff2dd8dd98"}},
  1},
 {<<"goldrush">>,
  {git,"https://github.com/basho/goldrush.git",
       {ref,"8f1b715d36b650ec1e1f5612c00e28af6ab0de82"}},
  2},
 {<<"hut">>,
  {git,"git://github.com/tolbrino/hut.git",
       {ref,"025540398478ab6f95932c3234382ac5bb21ad3e"}},
  2},
 {<<"lager">>,
  {git,"git://github.com/erlang-lager/lager",
       {ref,"81eaef0ce98fdbf64ab95665e3bc2ec4b24c7dac"}},
  1},
 {<<"meck">>,
  {git,"git://github.com/eproxus/meck.git",
       {ref,"dde759050eff19a1a80fd854d7375174b191665d"}},
  2},
 {<<"netdata">>,
  {git,"git://github.com/RoadRunnr/erl_netdata",
       {ref,"cbd6eaf304d6ef9d0c659abb1b37de18f1aac45f"}},
  0},
 {<<"parse_trans">>,
  {git,"git://github.com/uwiger/parse_trans.git",
       {ref,"a210adafdfbb904d156d8f22abd5fb58fc17de1e"}},
  2},
 {<<"pcapng">>,
  {git,"git://github.com/travelping/pcapng.git",
       {ref,"acda9f0b44dd678d41fc658f6f67d78e1574e52d"}},
  1},
 {<<"pmod_transform">>,
  {git,"git://github.com/erlang/pmod_transform.git",
       {ref,"7c6fe6193b7b11c874877246bcb612414fbd1359"}},
  2},
 {<<"regine">>,
  {git,"git://github.com/travelping/regine.git",
       {ref,"4c63d24ff798c785beb30d1447ace27611761dce"}},
  1},
 {<<"setup">>,
  {git,"git://github.com/uwiger/setup.git",
       {ref,"5c7d635145e5ffb8b0fa6b470770cdd1cb16b0b2"}},
  2}].
