{"1.1.0",
[{<<"bear">>,{pkg,<<"bear">>,<<"0.8.5">>},3},
 {<<"capwap">>,
  {git,"git://github.com/travelping/capwap",
       {ref,"2250a40a0880039497241128a5953cad7f1a7bd2"}},
  0},
 {<<"certifi">>,{pkg,<<"certifi">>,<<"2.0.0">>},2},
 {<<"cowboy">>,{pkg,<<"cowboy">>,<<"2.2.0">>},1},
 {<<"cowlib">>,{pkg,<<"cowlib">>,<<"2.1.0">>},2},
 {<<"dtlsex">>,
  {git,"git://github.com/RoadRunnr/dtlsex.git",
       {ref,"6cb9e52ff00ab0e5f33e0c4b54bf46eacddeb8e7"}},
  1},
 {<<"eradius">>,
  {git,"https://github.com/travelping/eradius.git",
       {ref,"845930c02911702b0a1c3b16a677c9bdf59a8906"}},
  2},
 {<<"ergw_aaa">>,
  {git,"git://github.com/travelping/ergw_aaa.git",
       {ref,"9219cf488edffe8c04d435a6a3248c4e2bf35a4e"}},
  1},
 {<<"erlando">>,
  {git,"https://github.com/travelping/erlando.git",
       {ref,"8d1aa927c51b7ac351b90abcdaed7d2f527eb937"}},
  1},
 {<<"exometer_core">>,{pkg,<<"exometer_core">>,<<"1.5.2">>},1},
 {<<"flower">>,
  {git,"git://github.com/travelping/flower.git",
       {ref,"549015e8ef6e26d6b4bd10c5e527894e55218168"}},
  1},
 {<<"folsom">>,{pkg,<<"folsom">>,<<"0.8.5">>},2},
 {<<"gen_listener_tcp">>,
  {git,"git://github.com/travelping/gen_listener_tcp",
       {ref,"3690477d108c7521f84a9af625ba73e525b989d6"}},
  0},
 {<<"gen_socket">>,
  {git,"git://github.com/travelping/gen_socket.git",
       {ref,"195a42700ba15b7ddc26a49865abcdaa627eba33"}},
  1},
 {<<"goldrush">>,{pkg,<<"goldrush">>,<<"0.1.9">>},2},
 {<<"hackney">>,{pkg,<<"hackney">>,<<"1.10.1">>},1},
 {<<"hut">>,{pkg,<<"hut">>,<<"1.2.0">>},2},
 {<<"idna">>,{pkg,<<"idna">>,<<"5.1.0">>},2},
 {<<"jsx">>,{pkg,<<"jsx">>,<<"2.8.2">>},1},
 {<<"lager">>,{pkg,<<"lager">>,<<"3.5.2">>},1},
 {<<"metrics">>,{pkg,<<"metrics">>,<<"1.0.1">>},2},
 {<<"mimerl">>,{pkg,<<"mimerl">>,<<"1.0.2">>},2},
 {<<"netdata">>,
  {git,"git://github.com/RoadRunnr/erl_netdata",
       {ref,"cbd6eaf304d6ef9d0c659abb1b37de18f1aac45f"}},
  0},
 {<<"parse_trans">>,{pkg,<<"parse_trans">>,<<"3.1.0">>},1},
 {<<"pbkdf2">>,{pkg,<<"pbkdf2">>,<<"2.0.0">>},1},
 {<<"pcapng">>,
  {git,"git://github.com/travelping/pcapng.git",
       {ref,"acda9f0b44dd678d41fc658f6f67d78e1574e52d"}},
  1},
 {<<"pmod_transform">>,
  {git,"git://github.com/erlang/pmod_transform.git",
       {ref,"8d5ab70f087cfbb634d789f7489f09c6d39c5c8b"}},
  2},
 {<<"ranch">>,{pkg,<<"ranch">>,<<"1.4.0">>},2},
 {<<"regine">>,
  {git,"git://github.com/travelping/regine.git",
       {ref,"2d2c0c2606cb68377c6b41bb0f2ea6bbe98927e8"}},
  1},
 {<<"setup">>,{pkg,<<"setup">>,<<"1.8.4">>},1},
 {<<"ssl_verify_fun">>,{pkg,<<"ssl_verify_fun">>,<<"1.1.1">>},2},
 {<<"unicode_util_compat">>,{pkg,<<"unicode_util_compat">>,<<"0.3.1">>},3}]}.
[
{pkg_hash,[
 {<<"bear">>, <<"E95FCA1627CD9E15BAF93CE0A52AFF16917BAF325F0EE65B88CD715376CD2344">>},
 {<<"certifi">>, <<"A0C0E475107135F76B8C1D5BC7EFB33CD3815CB3CF3DEA7AEFDD174DABEAD064">>},
 {<<"cowboy">>, <<"5233ED78AFE96B19EFD33B7BBCAFD15E064B187C0C131C61D50FE69D88DC76FD">>},
 {<<"cowlib">>, <<"F73658B93DD043AF40400C3E4FD997068EBD0C617F8C8F4CD003A1A78EBF94F5">>},
 {<<"exometer_core">>, <<"62A99A361BA8A14D53857D4C716A191E810299D2F43C5C981EB7B086C0BFCCE1">>},
 {<<"folsom">>, <<"94A027B56FE84FEED264F9B33CB4C6AC9A801FAD84B87DBDA0836CE83C3B8D69">>},
 {<<"goldrush">>, <<"F06E5D5F1277DA5C413E84D5A2924174182FB108DABB39D5EC548B27424CD106">>},
 {<<"hackney">>, <<"C38D0CA52EA80254936A32C45BB7EB414E7A96A521B4CE76D00A69753B157F21">>},
 {<<"hut">>, <<"0089DF0FAA2827C605BBADA88153F24FFF5EA7A4BE32ECF0250A7FDC2719CAFB">>},
 {<<"idna">>, <<"D72B4EFFEB324AD5DA3CAB1767CB16B17939004E789D8C0AD5B70F3CEA20C89A">>},
 {<<"jsx">>, <<"7ACC7D785B5ABE8A6E9ADBDE926A24E481F29956DD8B4DF49E3E4E7BCC92A018">>},
 {<<"lager">>, <<"614A8C8F67BF99B69EB264EA22121AD25511C055AAEC09B086773D5108C6767F">>},
 {<<"metrics">>, <<"25F094DEA2CDA98213CECC3AEFF09E940299D950904393B2A29D191C346A8486">>},
 {<<"mimerl">>, <<"993F9B0E084083405ED8252B99460C4F0563E41729AB42D9074FD5E52439BE88">>},
 {<<"parse_trans">>, <<"1BAD3B959941CC53FFD6F4769A5D2666F9CDF179B2D62826636497D3FBAD9EC0">>},
 {<<"pbkdf2">>, <<"11C23279FDED5C0027AB3996CFAE77805521D7EF4BABDE2BD7EC04A9086CF499">>},
 {<<"ranch">>, <<"10272F95DA79340FA7E8774BA7930B901713D272905D0012B06CA6D994F8826B">>},
 {<<"setup">>, <<"738DB0685DC1741F45C6A9BF78478E0D5877F3D0876C0B50FD02F0210EDB5AA4">>},
 {<<"ssl_verify_fun">>, <<"28A4D65B7F59893BC2C7DE786DEC1E1555BD742D336043FE644AE956C3497FBE">>},
 {<<"unicode_util_compat">>, <<"A1F612A7B512638634A603C8F401892AFBF99B8CE93A45041F8AACA99CADB85E">>}]}
].
